// !$*UTF8*$!
{
	archiveVersion = 1;
	classes = {
	};
	objectVersion = 55;
	objects = {

/* Begin PBXBuildFile section */
		ED9E6100283A8F40004925C6 /* SocialcademyApp.swift in Sources */ = {isa = PBXBuildFile; fileRef = ED9E60FF283A8F40004925C6 /* SocialcademyApp.swift */; };
		ED9E6104283A8F42004925C6 /* Assets.xcassets in Resources */ = {isa = PBXBuildFile; fileRef = ED9E6103283A8F42004925C6 /* Assets.xcassets */; };
		ED9E6107283A8F42004925C6 /* Preview Assets.xcassets in Resources */ = {isa = PBXBuildFile; fileRef = ED9E6106283A8F42004925C6 /* Preview Assets.xcassets */; };
		ED9E6111283A8F42004925C6 /* SocialcademyTests.swift in Sources */ = {isa = PBXBuildFile; fileRef = ED9E6110283A8F42004925C6 /* SocialcademyTests.swift */; };
		ED9E611B283A8F42004925C6 /* SocialcademyUITests.swift in Sources */ = {isa = PBXBuildFile; fileRef = ED9E611A283A8F42004925C6 /* SocialcademyUITests.swift */; };
		ED9E611D283A8F42004925C6 /* SocialcademyUITestsLaunchTests.swift in Sources */ = {isa = PBXBuildFile; fileRef = ED9E611C283A8F42004925C6 /* SocialcademyUITestsLaunchTests.swift */; };
		ED9E612B283A9395004925C6 /* FirebaseAnalytics in Frameworks */ = {isa = PBXBuildFile; productRef = ED9E612A283A9395004925C6 /* FirebaseAnalytics */; };
		ED9E612D283A9395004925C6 /* FirebaseFirestore in Frameworks */ = {isa = PBXBuildFile; productRef = ED9E612C283A9395004925C6 /* FirebaseFirestore */; };
		ED9E612F283A9395004925C6 /* FirebaseFirestoreSwift in Frameworks */ = {isa = PBXBuildFile; productRef = ED9E612E283A9395004925C6 /* FirebaseFirestoreSwift */; };
		ED9E6141283A9597004925C6 /* GoogleService-Info.plist in Resources */ = {isa = PBXBuildFile; fileRef = ED9E6140283A9597004925C6 /* GoogleService-Info.plist */; };
		ED9E6142283A9597004925C6 /* GoogleService-Info.plist in Resources */ = {isa = PBXBuildFile; fileRef = ED9E6140283A9597004925C6 /* GoogleService-Info.plist */; };
		ED9E6143283A9597004925C6 /* GoogleService-Info.plist in Resources */ = {isa = PBXBuildFile; fileRef = ED9E6140283A9597004925C6 /* GoogleService-Info.plist */; };
		ED9E614B283ABE44004925C6 /* Post.swift in Sources */ = {isa = PBXBuildFile; fileRef = ED9E614A283ABE44004925C6 /* Post.swift */; };
		ED9E614D283ABF4A004925C6 /* PostsList.swift in Sources */ = {isa = PBXBuildFile; fileRef = ED9E614C283ABF4A004925C6 /* PostsList.swift */; };
		ED9E614F283AC19C004925C6 /* PostRow.swift in Sources */ = {isa = PBXBuildFile; fileRef = ED9E614E283AC19C004925C6 /* PostRow.swift */; };
		ED9E6151283B00E8004925C6 /* NewPostForm.swift in Sources */ = {isa = PBXBuildFile; fileRef = ED9E6150283B00E8004925C6 /* NewPostForm.swift */; };
		ED9E6156283BBC63004925C6 /* PostViewModel.swift in Sources */ = {isa = PBXBuildFile; fileRef = ED9E6155283BBC63004925C6 /* PostViewModel.swift */; };
		ED9E6159283BEDD4004925C6 /* PostsRepository.swift in Sources */ = {isa = PBXBuildFile; fileRef = ED9E6158283BEDD4004925C6 /* PostsRepository.swift */; };
/* End PBXBuildFile section */

/* Begin PBXContainerItemProxy section */
		ED9E610D283A8F42004925C6 /* PBXContainerItemProxy */ = {
			isa = PBXContainerItemProxy;
			containerPortal = ED9E60F4283A8F40004925C6 /* Project object */;
			proxyType = 1;
			remoteGlobalIDString = ED9E60FB283A8F40004925C6;
			remoteInfo = Socialcademy;
		};
		ED9E6117283A8F42004925C6 /* PBXContainerItemProxy */ = {
			isa = PBXContainerItemProxy;
			containerPortal = ED9E60F4283A8F40004925C6 /* Project object */;
			proxyType = 1;
			remoteGlobalIDString = ED9E60FB283A8F40004925C6;
			remoteInfo = Socialcademy;
		};
/* End PBXContainerItemProxy section */

/* Begin PBXFileReference section */
		ED9E60FC283A8F40004925C6 /* Socialcademy.app */ = {isa = PBXFileReference; explicitFileType = wrapper.application; includeInIndex = 0; path = Socialcademy.app; sourceTree = BUILT_PRODUCTS_DIR; };
		ED9E60FF283A8F40004925C6 /* SocialcademyApp.swift */ = {isa = PBXFileReference; lastKnownFileType = sourcecode.swift; path = SocialcademyApp.swift; sourceTree = "<group>"; };
		ED9E6103283A8F42004925C6 /* Assets.xcassets */ = {isa = PBXFileReference; lastKnownFileType = folder.assetcatalog; path = Assets.xcassets; sourceTree = "<group>"; };
		ED9E6106283A8F42004925C6 /* Preview Assets.xcassets */ = {isa = PBXFileReference; lastKnownFileType = folder.assetcatalog; path = "Preview Assets.xcassets"; sourceTree = "<group>"; };
		ED9E610C283A8F42004925C6 /* SocialcademyTests.xctest */ = {isa = PBXFileReference; explicitFileType = wrapper.cfbundle; includeInIndex = 0; path = SocialcademyTests.xctest; sourceTree = BUILT_PRODUCTS_DIR; };
		ED9E6110283A8F42004925C6 /* SocialcademyTests.swift */ = {isa = PBXFileReference; lastKnownFileType = sourcecode.swift; path = SocialcademyTests.swift; sourceTree = "<group>"; };
		ED9E6116283A8F42004925C6 /* SocialcademyUITests.xctest */ = {isa = PBXFileReference; explicitFileType = wrapper.cfbundle; includeInIndex = 0; path = SocialcademyUITests.xctest; sourceTree = BUILT_PRODUCTS_DIR; };
		ED9E611A283A8F42004925C6 /* SocialcademyUITests.swift */ = {isa = PBXFileReference; lastKnownFileType = sourcecode.swift; path = SocialcademyUITests.swift; sourceTree = "<group>"; };
		ED9E611C283A8F42004925C6 /* SocialcademyUITestsLaunchTests.swift */ = {isa = PBXFileReference; lastKnownFileType = sourcecode.swift; path = SocialcademyUITestsLaunchTests.swift; sourceTree = "<group>"; };
		ED9E6140283A9597004925C6 /* GoogleService-Info.plist */ = {isa = PBXFileReference; fileEncoding = 4; lastKnownFileType = text.plist.xml; path = "GoogleService-Info.plist"; sourceTree = "<group>"; };
		ED9E614A283ABE44004925C6 /* Post.swift */ = {isa = PBXFileReference; lastKnownFileType = sourcecode.swift; path = Post.swift; sourceTree = "<group>"; };
		ED9E614C283ABF4A004925C6 /* PostsList.swift */ = {isa = PBXFileReference; lastKnownFileType = sourcecode.swift; path = PostsList.swift; sourceTree = "<group>"; };
		ED9E614E283AC19C004925C6 /* PostRow.swift */ = {isa = PBXFileReference; lastKnownFileType = sourcecode.swift; path = PostRow.swift; sourceTree = "<group>"; };
		ED9E6150283B00E8004925C6 /* NewPostForm.swift */ = {isa = PBXFileReference; lastKnownFileType = sourcecode.swift; path = NewPostForm.swift; sourceTree = "<group>"; };
		ED9E6155283BBC63004925C6 /* PostViewModel.swift */ = {isa = PBXFileReference; lastKnownFileType = sourcecode.swift; path = PostViewModel.swift; sourceTree = "<group>"; };
		ED9E6158283BEDD4004925C6 /* PostsRepository.swift */ = {isa = PBXFileReference; lastKnownFileType = sourcecode.swift; path = PostsRepository.swift; sourceTree = "<group>"; };
/* End PBXFileReference section */

/* Begin PBXFrameworksBuildPhase section */
		ED9E60F9283A8F40004925C6 /* Frameworks */ = {
			isa = PBXFrameworksBuildPhase;
			buildActionMask = 2147483647;
			files = (
				ED9E612B283A9395004925C6 /* FirebaseAnalytics in Frameworks */,
				ED9E612D283A9395004925C6 /* FirebaseFirestore in Frameworks */,
				ED9E612F283A9395004925C6 /* FirebaseFirestoreSwift in Frameworks */,
			);
			runOnlyForDeploymentPostprocessing = 0;
		};
		ED9E6109283A8F42004925C6 /* Frameworks */ = {
			isa = PBXFrameworksBuildPhase;
			buildActionMask = 2147483647;
			files = (
			);
			runOnlyForDeploymentPostprocessing = 0;
		};
		ED9E6113283A8F42004925C6 /* Frameworks */ = {
			isa = PBXFrameworksBuildPhase;
			buildActionMask = 2147483647;
			files = (
			);
			runOnlyForDeploymentPostprocessing = 0;
		};
/* End PBXFrameworksBuildPhase section */

/* Begin PBXGroup section */
		ED9E60F3283A8F40004925C6 = {
			isa = PBXGroup;
			children = (
				ED9E60FE283A8F40004925C6 /* Socialcademy */,
				ED9E60FD283A8F40004925C6 /* Products */,
			);
			sourceTree = "<group>";
		};
		ED9E60FD283A8F40004925C6 /* Products */ = {
			isa = PBXGroup;
			children = (
				ED9E60FC283A8F40004925C6 /* Socialcademy.app */,
				ED9E610C283A8F42004925C6 /* SocialcademyTests.xctest */,
				ED9E6116283A8F42004925C6 /* SocialcademyUITests.xctest */,
			);
			name = Products;
			sourceTree = "<group>";
		};
		ED9E60FE283A8F40004925C6 /* Socialcademy */ = {
			isa = PBXGroup;
			children = (
				ED9E6157283BEDC1004925C6 /* Repositories */,
				ED9E6152283BBC24004925C6 /* ViewModels */,
				ED9E6149283ABE2C004925C6 /* Models */,
				ED9E6146283ABD1C004925C6 /* Tests */,
				ED9E6148283ABD5D004925C6 /* Resources */,
				ED9E60FF283A8F40004925C6 /* SocialcademyApp.swift */,
				ED9E6147283ABD2C004925C6 /* Views */,
			);
			path = Socialcademy;
			sourceTree = "<group>";
		};
		ED9E6105283A8F42004925C6 /* Preview Content */ = {
			isa = PBXGroup;
			children = (
				ED9E6106283A8F42004925C6 /* Preview Assets.xcassets */,
			);
			path = "Preview Content";
			sourceTree = "<group>";
		};
		ED9E610F283A8F42004925C6 /* SocialcademyTests */ = {
			isa = PBXGroup;
			children = (
				ED9E6110283A8F42004925C6 /* SocialcademyTests.swift */,
			);
			path = SocialcademyTests;
			sourceTree = "<group>";
		};
		ED9E6119283A8F42004925C6 /* SocialcademyUITests */ = {
			isa = PBXGroup;
			children = (
				ED9E611A283A8F42004925C6 /* SocialcademyUITests.swift */,
				ED9E611C283A8F42004925C6 /* SocialcademyUITestsLaunchTests.swift */,
			);
			path = SocialcademyUITests;
			sourceTree = "<group>";
		};
		ED9E6146283ABD1C004925C6 /* Tests */ = {
			isa = PBXGroup;
			children = (
				ED9E6119283A8F42004925C6 /* SocialcademyUITests */,
				ED9E610F283A8F42004925C6 /* SocialcademyTests */,
			);
			path = Tests;
			sourceTree = "<group>";
		};
		ED9E6147283ABD2C004925C6 /* Views */ = {
			isa = PBXGroup;
			children = (
				ED9E614C283ABF4A004925C6 /* PostsList.swift */,
				ED9E614E283AC19C004925C6 /* PostRow.swift */,
				ED9E6150283B00E8004925C6 /* NewPostForm.swift */,
			);
			path = Views;
			sourceTree = "<group>";
		};
		ED9E6148283ABD5D004925C6 /* Resources */ = {
			isa = PBXGroup;
			children = (
				ED9E6140283A9597004925C6 /* GoogleService-Info.plist */,
				ED9E6103283A8F42004925C6 /* Assets.xcassets */,
				ED9E6105283A8F42004925C6 /* Preview Content */,
			);
			path = Resources;
			sourceTree = "<group>";
		};
		ED9E6149283ABE2C004925C6 /* Models */ = {
			isa = PBXGroup;
			children = (
				ED9E614A283ABE44004925C6 /* Post.swift */,
			);
			path = Models;
			sourceTree = "<group>";
		};
		ED9E6152283BBC24004925C6 /* ViewModels */ = {
			isa = PBXGroup;
			children = (
				ED9E6155283BBC63004925C6 /* PostViewModel.swift */,
			);
			path = ViewModels;
			sourceTree = "<group>";
		};
		ED9E6157283BEDC1004925C6 /* Repositories */ = {
			isa = PBXGroup;
			children = (
				ED9E6158283BEDD4004925C6 /* PostsRepository.swift */,
			);
			path = Repositories;
			sourceTree = "<group>";
		};
/* End PBXGroup section */

/* Begin PBXNativeTarget section */
		ED9E60FB283A8F40004925C6 /* Socialcademy */ = {
			isa = PBXNativeTarget;
			buildConfigurationList = ED9E6120283A8F42004925C6 /* Build configuration list for PBXNativeTarget "Socialcademy" */;
			buildPhases = (
				ED9E60F8283A8F40004925C6 /* Sources */,
				ED9E60F9283A8F40004925C6 /* Frameworks */,
				ED9E60FA283A8F40004925C6 /* Resources */,
			);
			buildRules = (
			);
			dependencies = (
			);
			name = Socialcademy;
			packageProductDependencies = (
				ED9E612A283A9395004925C6 /* FirebaseAnalytics */,
				ED9E612C283A9395004925C6 /* FirebaseFirestore */,
				ED9E612E283A9395004925C6 /* FirebaseFirestoreSwift */,
			);
			productName = Socialcademy;
			productReference = ED9E60FC283A8F40004925C6 /* Socialcademy.app */;
			productType = "com.apple.product-type.application";
		};
		ED9E610B283A8F42004925C6 /* SocialcademyTests */ = {
			isa = PBXNativeTarget;
			buildConfigurationList = ED9E6123283A8F42004925C6 /* Build configuration list for PBXNativeTarget "SocialcademyTests" */;
			buildPhases = (
				ED9E6108283A8F42004925C6 /* Sources */,
				ED9E6109283A8F42004925C6 /* Frameworks */,
				ED9E610A283A8F42004925C6 /* Resources */,
			);
			buildRules = (
			);
			dependencies = (
				ED9E610E283A8F42004925C6 /* PBXTargetDependency */,
			);
			name = SocialcademyTests;
			productName = SocialcademyTests;
			productReference = ED9E610C283A8F42004925C6 /* SocialcademyTests.xctest */;
			productType = "com.apple.product-type.bundle.unit-test";
		};
		ED9E6115283A8F42004925C6 /* SocialcademyUITests */ = {
			isa = PBXNativeTarget;
			buildConfigurationList = ED9E6126283A8F42004925C6 /* Build configuration list for PBXNativeTarget "SocialcademyUITests" */;
			buildPhases = (
				ED9E6112283A8F42004925C6 /* Sources */,
				ED9E6113283A8F42004925C6 /* Frameworks */,
				ED9E6114283A8F42004925C6 /* Resources */,
			);
			buildRules = (
			);
			dependencies = (
				ED9E6118283A8F42004925C6 /* PBXTargetDependency */,
			);
			name = SocialcademyUITests;
			productName = SocialcademyUITests;
			productReference = ED9E6116283A8F42004925C6 /* SocialcademyUITests.xctest */;
			productType = "com.apple.product-type.bundle.ui-testing";
		};
/* End PBXNativeTarget section */

/* Begin PBXProject section */
		ED9E60F4283A8F40004925C6 /* Project object */ = {
			isa = PBXProject;
			attributes = {
				BuildIndependentTargetsInParallel = 1;
				LastSwiftUpdateCheck = 1320;
				LastUpgradeCheck = 1320;
				TargetAttributes = {
					ED9E60FB283A8F40004925C6 = {
						CreatedOnToolsVersion = 13.2.1;
					};
					ED9E610B283A8F42004925C6 = {
						CreatedOnToolsVersion = 13.2.1;
						TestTargetID = ED9E60FB283A8F40004925C6;
					};
					ED9E6115283A8F42004925C6 = {
						CreatedOnToolsVersion = 13.2.1;
						TestTargetID = ED9E60FB283A8F40004925C6;
					};
				};
			};
			buildConfigurationList = ED9E60F7283A8F40004925C6 /* Build configuration list for PBXProject "Socialcademy" */;
			compatibilityVersion = "Xcode 13.0";
			developmentRegion = en;
			hasScannedForEncodings = 0;
			knownRegions = (
				en,
				Base,
			);
			mainGroup = ED9E60F3283A8F40004925C6;
			packageReferences = (
				ED9E6129283A9395004925C6 /* XCRemoteSwiftPackageReference "firebase-ios-sdk" */,
			);
			productRefGroup = ED9E60FD283A8F40004925C6 /* Products */;
			projectDirPath = "";
			projectRoot = "";
			targets = (
				ED9E60FB283A8F40004925C6 /* Socialcademy */,
				ED9E610B283A8F42004925C6 /* SocialcademyTests */,
				ED9E6115283A8F42004925C6 /* SocialcademyUITests */,
			);
		};
/* End PBXProject section */

/* Begin PBXResourcesBuildPhase section */
		ED9E60FA283A8F40004925C6 /* Resources */ = {
			isa = PBXResourcesBuildPhase;
			buildActionMask = 2147483647;
			files = (
				ED9E6107283A8F42004925C6 /* Preview Assets.xcassets in Resources */,
				ED9E6104283A8F42004925C6 /* Assets.xcassets in Resources */,
				ED9E6141283A9597004925C6 /* GoogleService-Info.plist in Resources */,
			);
			runOnlyForDeploymentPostprocessing = 0;
		};
		ED9E610A283A8F42004925C6 /* Resources */ = {
			isa = PBXResourcesBuildPhase;
			buildActionMask = 2147483647;
			files = (
				ED9E6142283A9597004925C6 /* GoogleService-Info.plist in Resources */,
			);
			runOnlyForDeploymentPostprocessing = 0;
		};
		ED9E6114283A8F42004925C6 /* Resources */ = {
			isa = PBXResourcesBuildPhase;
			buildActionMask = 2147483647;
			files = (
				ED9E6143283A9597004925C6 /* GoogleService-Info.plist in Resources */,
			);
			runOnlyForDeploymentPostprocessing = 0;
		};
/* End PBXResourcesBuildPhase section */

/* Begin PBXSourcesBuildPhase section */
		ED9E60F8283A8F40004925C6 /* Sources */ = {
			isa = PBXSourcesBuildPhase;
			buildActionMask = 2147483647;
			files = (
				ED9E6156283BBC63004925C6 /* PostViewModel.swift in Sources */,
				ED9E614B283ABE44004925C6 /* Post.swift in Sources */,
				ED9E6159283BEDD4004925C6 /* PostsRepository.swift in Sources */,
				ED9E6100283A8F40004925C6 /* SocialcademyApp.swift in Sources */,
				ED9E614F283AC19C004925C6 /* PostRow.swift in Sources */,
				ED9E614D283ABF4A004925C6 /* PostsList.swift in Sources */,
				ED9E6151283B00E8004925C6 /* NewPostForm.swift in Sources */,
			);
			runOnlyForDeploymentPostprocessing = 0;
		};
		ED9E6108283A8F42004925C6 /* Sources */ = {
			isa = PBXSourcesBuildPhase;
			buildActionMask = 2147483647;
			files = (
				ED9E6111283A8F42004925C6 /* SocialcademyTests.swift in Sources */,
			);
			runOnlyForDeploymentPostprocessing = 0;
		};
		ED9E6112283A8F42004925C6 /* Sources */ = {
			isa = PBXSourcesBuildPhase;
			buildActionMask = 2147483647;
			files = (
				ED9E611D283A8F42004925C6 /* SocialcademyUITestsLaunchTests.swift in Sources */,
				ED9E611B283A8F42004925C6 /* SocialcademyUITests.swift in Sources */,
			);
			runOnlyForDeploymentPostprocessing = 0;
		};
/* End PBXSourcesBuildPhase section */

/* Begin PBXTargetDependency section */
		ED9E610E283A8F42004925C6 /* PBXTargetDependency */ = {
			isa = PBXTargetDependency;
			target = ED9E60FB283A8F40004925C6 /* Socialcademy */;
			targetProxy = ED9E610D283A8F42004925C6 /* PBXContainerItemProxy */;
		};
		ED9E6118283A8F42004925C6 /* PBXTargetDependency */ = {
			isa = PBXTargetDependency;
			target = ED9E60FB283A8F40004925C6 /* Socialcademy */;
			targetProxy = ED9E6117283A8F42004925C6 /* PBXContainerItemProxy */;
		};
/* End PBXTargetDependency section */

/* Begin XCBuildConfiguration section */
		ED9E611E283A8F42004925C6 /* Debug */ = {
			isa = XCBuildConfiguration;
			buildSettings = {
				ALWAYS_SEARCH_USER_PATHS = NO;
				CLANG_ANALYZER_NONNULL = YES;
				CLANG_ANALYZER_NUMBER_OBJECT_CONVERSION = YES_AGGRESSIVE;
				CLANG_CXX_LANGUAGE_STANDARD = "gnu++17";
				CLANG_CXX_LIBRARY = "libc++";
				CLANG_ENABLE_MODULES = YES;
				CLANG_ENABLE_OBJC_ARC = YES;
				CLANG_ENABLE_OBJC_WEAK = YES;
				CLANG_WARN_BLOCK_CAPTURE_AUTORELEASING = YES;
				CLANG_WARN_BOOL_CONVERSION = YES;
				CLANG_WARN_COMMA = YES;
				CLANG_WARN_CONSTANT_CONVERSION = YES;
				CLANG_WARN_DEPRECATED_OBJC_IMPLEMENTATIONS = YES;
				CLANG_WARN_DIRECT_OBJC_ISA_USAGE = YES_ERROR;
				CLANG_WARN_DOCUMENTATION_COMMENTS = YES;
				CLANG_WARN_EMPTY_BODY = YES;
				CLANG_WARN_ENUM_CONVERSION = YES;
				CLANG_WARN_INFINITE_RECURSION = YES;
				CLANG_WARN_INT_CONVERSION = YES;
				CLANG_WARN_NON_LITERAL_NULL_CONVERSION = YES;
				CLANG_WARN_OBJC_IMPLICIT_RETAIN_SELF = YES;
				CLANG_WARN_OBJC_LITERAL_CONVERSION = YES;
				CLANG_WARN_OBJC_ROOT_CLASS = YES_ERROR;
				CLANG_WARN_QUOTED_INCLUDE_IN_FRAMEWORK_HEADER = YES;
				CLANG_WARN_RANGE_LOOP_ANALYSIS = YES;
				CLANG_WARN_STRICT_PROTOTYPES = YES;
				CLANG_WARN_SUSPICIOUS_MOVE = YES;
				CLANG_WARN_UNGUARDED_AVAILABILITY = YES_AGGRESSIVE;
				CLANG_WARN_UNREACHABLE_CODE = YES;
				CLANG_WARN__DUPLICATE_METHOD_MATCH = YES;
				COPY_PHASE_STRIP = NO;
				DEBUG_INFORMATION_FORMAT = dwarf;
				ENABLE_STRICT_OBJC_MSGSEND = YES;
				ENABLE_TESTABILITY = YES;
				GCC_C_LANGUAGE_STANDARD = gnu11;
				GCC_DYNAMIC_NO_PIC = NO;
				GCC_NO_COMMON_BLOCKS = YES;
				GCC_OPTIMIZATION_LEVEL = 0;
				GCC_PREPROCESSOR_DEFINITIONS = (
					"DEBUG=1",
					"$(inherited)",
				);
				GCC_WARN_64_TO_32_BIT_CONVERSION = YES;
				GCC_WARN_ABOUT_RETURN_TYPE = YES_ERROR;
				GCC_WARN_UNDECLARED_SELECTOR = YES;
				GCC_WARN_UNINITIALIZED_AUTOS = YES_AGGRESSIVE;
				GCC_WARN_UNUSED_FUNCTION = YES;
				GCC_WARN_UNUSED_VARIABLE = YES;
				IPHONEOS_DEPLOYMENT_TARGET = 15.2;
				MTL_ENABLE_DEBUG_INFO = INCLUDE_SOURCE;
				MTL_FAST_MATH = YES;
				ONLY_ACTIVE_ARCH = YES;
				SDKROOT = iphoneos;
				SWIFT_ACTIVE_COMPILATION_CONDITIONS = DEBUG;
				SWIFT_OPTIMIZATION_LEVEL = "-Onone";
			};
			name = Debug;
		};
		ED9E611F283A8F42004925C6 /* Release */ = {
			isa = XCBuildConfiguration;
			buildSettings = {
				ALWAYS_SEARCH_USER_PATHS = NO;
				CLANG_ANALYZER_NONNULL = YES;
				CLANG_ANALYZER_NUMBER_OBJECT_CONVERSION = YES_AGGRESSIVE;
				CLANG_CXX_LANGUAGE_STANDARD = "gnu++17";
				CLANG_CXX_LIBRARY = "libc++";
				CLANG_ENABLE_MODULES = YES;
				CLANG_ENABLE_OBJC_ARC = YES;
				CLANG_ENABLE_OBJC_WEAK = YES;
				CLANG_WARN_BLOCK_CAPTURE_AUTORELEASING = YES;
				CLANG_WARN_BOOL_CONVERSION = YES;
				CLANG_WARN_COMMA = YES;
				CLANG_WARN_CONSTANT_CONVERSION = YES;
				CLANG_WARN_DEPRECATED_OBJC_IMPLEMENTATIONS = YES;
				CLANG_WARN_DIRECT_OBJC_ISA_USAGE = YES_ERROR;
				CLANG_WARN_DOCUMENTATION_COMMENTS = YES;
				CLANG_WARN_EMPTY_BODY = YES;
				CLANG_WARN_ENUM_CONVERSION = YES;
				CLANG_WARN_INFINITE_RECURSION = YES;
				CLANG_WARN_INT_CONVERSION = YES;
				CLANG_WARN_NON_LITERAL_NULL_CONVERSION = YES;
				CLANG_WARN_OBJC_IMPLICIT_RETAIN_SELF = YES;
				CLANG_WARN_OBJC_LITERAL_CONVERSION = YES;
				CLANG_WARN_OBJC_ROOT_CLASS = YES_ERROR;
				CLANG_WARN_QUOTED_INCLUDE_IN_FRAMEWORK_HEADER = YES;
				CLANG_WARN_RANGE_LOOP_ANALYSIS = YES;
				CLANG_WARN_STRICT_PROTOTYPES = YES;
				CLANG_WARN_SUSPICIOUS_MOVE = YES;
				CLANG_WARN_UNGUARDED_AVAILABILITY = YES_AGGRESSIVE;
				CLANG_WARN_UNREACHABLE_CODE = YES;
				CLANG_WARN__DUPLICATE_METHOD_MATCH = YES;
				COPY_PHASE_STRIP = NO;
				DEBUG_INFORMATION_FORMAT = "dwarf-with-dsym";
				ENABLE_NS_ASSERTIONS = NO;
				ENABLE_STRICT_OBJC_MSGSEND = YES;
				GCC_C_LANGUAGE_STANDARD = gnu11;
				GCC_NO_COMMON_BLOCKS = YES;
				GCC_WARN_64_TO_32_BIT_CONVERSION = YES;
				GCC_WARN_ABOUT_RETURN_TYPE = YES_ERROR;
				GCC_WARN_UNDECLARED_SELECTOR = YES;
				GCC_WARN_UNINITIALIZED_AUTOS = YES_AGGRESSIVE;
				GCC_WARN_UNUSED_FUNCTION = YES;
				GCC_WARN_UNUSED_VARIABLE = YES;
				IPHONEOS_DEPLOYMENT_TARGET = 15.2;
				MTL_ENABLE_DEBUG_INFO = NO;
				MTL_FAST_MATH = YES;
				SDKROOT = iphoneos;
				SWIFT_COMPILATION_MODE = wholemodule;
				SWIFT_OPTIMIZATION_LEVEL = "-O";
				VALIDATE_PRODUCT = YES;
			};
			name = Release;
		};
		ED9E6121283A8F42004925C6 /* Debug */ = {
			isa = XCBuildConfiguration;
			buildSettings = {
				ASSETCATALOG_COMPILER_APPICON_NAME = AppIcon;
				ASSETCATALOG_COMPILER_GLOBAL_ACCENT_COLOR_NAME = AccentColor;
				CODE_SIGN_STYLE = Automatic;
				CURRENT_PROJECT_VERSION = 1;
				DEVELOPMENT_ASSET_PATHS = "Socialcademy/Resources/Preview\\ Content";
				DEVELOPMENT_TEAM = 9R2VD97LJ8;
				ENABLE_PREVIEWS = YES;
				GENERATE_INFOPLIST_FILE = YES;
				INFOPLIST_KEY_UIApplicationSceneManifest_Generation = YES;
				INFOPLIST_KEY_UIApplicationSupportsIndirectInputEvents = YES;
				INFOPLIST_KEY_UILaunchScreen_Generation = YES;
				INFOPLIST_KEY_UISupportedInterfaceOrientations_iPad = "UIInterfaceOrientationPortrait UIInterfaceOrientationPortraitUpsideDown UIInterfaceOrientationLandscapeLeft UIInterfaceOrientationLandscapeRight";
				INFOPLIST_KEY_UISupportedInterfaceOrientations_iPhone = "UIInterfaceOrientationPortrait UIInterfaceOrientationLandscapeLeft UIInterfaceOrientationLandscapeRight";
				IPHONEOS_DEPLOYMENT_TARGET = 15.0;
				LD_RUNPATH_SEARCH_PATHS = (
					"$(inherited)",
					"@executable_path/Frameworks",
				);
				MARKETING_VERSION = 1.0;
				PRODUCT_BUNDLE_IDENTIFIER = com.joaomauricio.Socialcademy;
				PRODUCT_NAME = "$(TARGET_NAME)";
				SWIFT_EMIT_LOC_STRINGS = YES;
				SWIFT_VERSION = 5.0;
				TARGETED_DEVICE_FAMILY = "1,2";
			};
			name = Debug;
		};
		ED9E6122283A8F42004925C6 /* Release */ = {
			isa = XCBuildConfiguration;
			buildSettings = {
				ASSETCATALOG_COMPILER_APPICON_NAME = AppIcon;
				ASSETCATALOG_COMPILER_GLOBAL_ACCENT_COLOR_NAME = AccentColor;
				CODE_SIGN_STYLE = Automatic;
				CURRENT_PROJECT_VERSION = 1;
				DEVELOPMENT_ASSET_PATHS = "Socialcademy/Resources/Preview\\ Content";
				DEVELOPMENT_TEAM = 9R2VD97LJ8;
				ENABLE_PREVIEWS = YES;
				GENERATE_INFOPLIST_FILE = YES;
				INFOPLIST_KEY_UIApplicationSceneManifest_Generation = YES;
				INFOPLIST_KEY_UIApplicationSupportsIndirectInputEvents = YES;
				INFOPLIST_KEY_UILaunchScreen_Generation = YES;
				INFOPLIST_KEY_UISupportedInterfaceOrientations_iPad = "UIInterfaceOrientationPortrait UIInterfaceOrientationPortraitUpsideDown UIInterfaceOrientationLandscapeLeft UIInterfaceOrientationLandscapeRight";
				INFOPLIST_KEY_UISupportedInterfaceOrientations_iPhone = "UIInterfaceOrientationPortrait UIInterfaceOrientationLandscapeLeft UIInterfaceOrientationLandscapeRight";
				IPHONEOS_DEPLOYMENT_TARGET = 15.0;
				LD_RUNPATH_SEARCH_PATHS = (
					"$(inherited)",
					"@executable_path/Frameworks",
				);
				MARKETING_VERSION = 1.0;
				PRODUCT_BUNDLE_IDENTIFIER = com.joaomauricio.Socialcademy;
				PRODUCT_NAME = "$(TARGET_NAME)";
				SWIFT_EMIT_LOC_STRINGS = YES;
				SWIFT_VERSION = 5.0;
				TARGETED_DEVICE_FAMILY = "1,2";
			};
			name = Release;
		};
		ED9E6124283A8F42004925C6 /* Debug */ = {
			isa = XCBuildConfiguration;
			buildSettings = {
				ALWAYS_EMBED_SWIFT_STANDARD_LIBRARIES = YES;
				BUNDLE_LOADER = "$(TEST_HOST)";
				CODE_SIGN_STYLE = Automatic;
				CURRENT_PROJECT_VERSION = 1;
				DEVELOPMENT_TEAM = 9R2VD97LJ8;
				GENERATE_INFOPLIST_FILE = YES;
				IPHONEOS_DEPLOYMENT_TARGET = 15.2;
				MARKETING_VERSION = 1.0;
				PRODUCT_BUNDLE_IDENTIFIER = com.joaomauricio.SocialcademyTests;
				PRODUCT_NAME = "$(TARGET_NAME)";
				SWIFT_EMIT_LOC_STRINGS = NO;
				SWIFT_VERSION = 5.0;
				TARGETED_DEVICE_FAMILY = "1,2";
				TEST_HOST = "$(BUILT_PRODUCTS_DIR)/Socialcademy.app/Socialcademy";
			};
			name = Debug;
		};
		ED9E6125283A8F42004925C6 /* Release */ = {
			isa = XCBuildConfiguration;
			buildSettings = {
				ALWAYS_EMBED_SWIFT_STANDARD_LIBRARIES = YES;
				BUNDLE_LOADER = "$(TEST_HOST)";
				CODE_SIGN_STYLE = Automatic;
				CURRENT_PROJECT_VERSION = 1;
				DEVELOPMENT_TEAM = 9R2VD97LJ8;
				GENERATE_INFOPLIST_FILE = YES;
				IPHONEOS_DEPLOYMENT_TARGET = 15.2;
				MARKETING_VERSION = 1.0;
				PRODUCT_BUNDLE_IDENTIFIER = com.joaomauricio.SocialcademyTests;
				PRODUCT_NAME = "$(TARGET_NAME)";
				SWIFT_EMIT_LOC_STRINGS = NO;
				SWIFT_VERSION = 5.0;
				TARGETED_DEVICE_FAMILY = "1,2";
				TEST_HOST = "$(BUILT_PRODUCTS_DIR)/Socialcademy.app/Socialcademy";
			};
			name = Release;
		};
		ED9E6127283A8F42004925C6 /* Debug */ = {
			isa = XCBuildConfiguration;
			buildSettings = {
				ALWAYS_EMBED_SWIFT_STANDARD_LIBRARIES = YES;
				CODE_SIGN_STYLE = Automatic;
				CURRENT_PROJECT_VERSION = 1;
				DEVELOPMENT_TEAM = 9R2VD97LJ8;
				GENERATE_INFOPLIST_FILE = YES;
				MARKETING_VERSION = 1.0;
				PRODUCT_BUNDLE_IDENTIFIER = com.joaomauricio.SocialcademyUITests;
				PRODUCT_NAME = "$(TARGET_NAME)";
				SWIFT_EMIT_LOC_STRINGS = NO;
				SWIFT_VERSION = 5.0;
				TARGETED_DEVICE_FAMILY = "1,2";
				TEST_TARGET_NAME = Socialcademy;
			};
			name = Debug;
		};
		ED9E6128283A8F42004925C6 /* Release */ = {
			isa = XCBuildConfiguration;
			buildSettings = {
				ALWAYS_EMBED_SWIFT_STANDARD_LIBRARIES = YES;
				CODE_SIGN_STYLE = Automatic;
				CURRENT_PROJECT_VERSION = 1;
				DEVELOPMENT_TEAM = 9R2VD97LJ8;
				GENERATE_INFOPLIST_FILE = YES;
				MARKETING_VERSION = 1.0;
				PRODUCT_BUNDLE_IDENTIFIER = com.joaomauricio.SocialcademyUITests;
				PRODUCT_NAME = "$(TARGET_NAME)";
				SWIFT_EMIT_LOC_STRINGS = NO;
				SWIFT_VERSION = 5.0;
				TARGETED_DEVICE_FAMILY = "1,2";
				TEST_TARGET_NAME = Socialcademy;
			};
			name = Release;
		};
/* End XCBuildConfiguration section */

/* Begin XCConfigurationList section */
		ED9E60F7283A8F40004925C6 /* Build configuration list for PBXProject "Socialcademy" */ = {
			isa = XCConfigurationList;
			buildConfigurations = (
				ED9E611E283A8F42004925C6 /* Debug */,
				ED9E611F283A8F42004925C6 /* Release */,
			);
			defaultConfigurationIsVisible = 0;
			defaultConfigurationName = Release;
		};
		ED9E6120283A8F42004925C6 /* Build configuration list for PBXNativeTarget "Socialcademy" */ = {
			isa = XCConfigurationList;
			buildConfigurations = (
				ED9E6121283A8F42004925C6 /* Debug */,
				ED9E6122283A8F42004925C6 /* Release */,
			);
			defaultConfigurationIsVisible = 0;
			defaultConfigurationName = Release;
		};
		ED9E6123283A8F42004925C6 /* Build configuration list for PBXNativeTarget "SocialcademyTests" */ = {
			isa = XCConfigurationList;
			buildConfigurations = (
				ED9E6124283A8F42004925C6 /* Debug */,
				ED9E6125283A8F42004925C6 /* Release */,
			);
			defaultConfigurationIsVisible = 0;
			defaultConfigurationName = Release;
		};
		ED9E6126283A8F42004925C6 /* Build configuration list for PBXNativeTarget "SocialcademyUITests" */ = {
			isa = XCConfigurationList;
			buildConfigurations = (
				ED9E6127283A8F42004925C6 /* Debug */,
				ED9E6128283A8F42004925C6 /* Release */,
			);
			defaultConfigurationIsVisible = 0;
			defaultConfigurationName = Release;
		};
/* End XCConfigurationList section */

/* Begin XCRemoteSwiftPackageReference section */
		ED9E6129283A9395004925C6 /* XCRemoteSwiftPackageReference "firebase-ios-sdk" */ = {
			isa = XCRemoteSwiftPackageReference;
			repositoryURL = "https://github.com/firebase/firebase-ios-sdk.git";
			requirement = {
				kind = upToNextMajorVersion;
				minimumVersion = 9.0.0;
			};
		};
/* End XCRemoteSwiftPackageReference section */

/* Begin XCSwiftPackageProductDependency section */
		ED9E612A283A9395004925C6 /* FirebaseAnalytics */ = {
			isa = XCSwiftPackageProductDependency;
			package = ED9E6129283A9395004925C6 /* XCRemoteSwiftPackageReference "firebase-ios-sdk" */;
			productName = FirebaseAnalytics;
		};
		ED9E612C283A9395004925C6 /* FirebaseFirestore */ = {
			isa = XCSwiftPackageProductDependency;
			package = ED9E6129283A9395004925C6 /* XCRemoteSwiftPackageReference "firebase-ios-sdk" */;
			productName = FirebaseFirestore;
		};
		ED9E612E283A9395004925C6 /* FirebaseFirestoreSwift */ = {
			isa = XCSwiftPackageProductDependency;
			package = ED9E6129283A9395004925C6 /* XCRemoteSwiftPackageReference "firebase-ios-sdk" */;
			productName = FirebaseFirestoreSwift;
		};
/* End XCSwiftPackageProductDependency section */
	};
	rootObject = ED9E60F4283A8F40004925C6 /* Project object */;
}
